// !$*UTF8*$!
{
	archiveVersion = 1;
	classes = {
	};
	objectVersion = 46;
	objects = {

/* Begin PBXBuildFile section */
		9B3792321F1543F7005163C0 /* AppDelegate.swift in Sources */ = {isa = PBXBuildFile; fileRef = 9B3792311F1543F7005163C0 /* AppDelegate.swift */; };
		9B3792341F1543F7005163C0 /* ViewController.swift in Sources */ = {isa = PBXBuildFile; fileRef = 9B3792331F1543F7005163C0 /* ViewController.swift */; };
		9B3792371F1543F7005163C0 /* Main.storyboard in Resources */ = {isa = PBXBuildFile; fileRef = 9B3792351F1543F7005163C0 /* Main.storyboard */; };
		9B3792391F1543F7005163C0 /* Assets.xcassets in Resources */ = {isa = PBXBuildFile; fileRef = 9B3792381F1543F7005163C0 /* Assets.xcassets */; };
		9B37923C1F1543F7005163C0 /* LaunchScreen.storyboard in Resources */ = {isa = PBXBuildFile; fileRef = 9B37923A1F1543F7005163C0 /* LaunchScreen.storyboard */; };
		9B3792441F154448005163C0 /* VideoPlayer.swift in Sources */ = {isa = PBXBuildFile; fileRef = 9B3792431F154448005163C0 /* VideoPlayer.swift */; };
/* End PBXBuildFile section */

/* Begin PBXFileReference section */
		9B37922E1F1543F7005163C0 /* VideoPlayerExample.app */ = {isa = PBXFileReference; explicitFileType = wrapper.application; includeInIndex = 0; path = VideoPlayerExample.app; sourceTree = BUILT_PRODUCTS_DIR; };
		9B3792311F1543F7005163C0 /* AppDelegate.swift */ = {isa = PBXFileReference; lastKnownFileType = sourcecode.swift; path = AppDelegate.swift; sourceTree = "<group>"; };
		9B3792331F1543F7005163C0 /* ViewController.swift */ = {isa = PBXFileReference; lastKnownFileType = sourcecode.swift; path = ViewController.swift; sourceTree = "<group>"; };
		9B3792361F1543F7005163C0 /* Base */ = {isa = PBXFileReference; lastKnownFileType = file.storyboard; name = Base; path = Base.lproj/Main.storyboard; sourceTree = "<group>"; };
		9B3792381F1543F7005163C0 /* Assets.xcassets */ = {isa = PBXFileReference; lastKnownFileType = folder.assetcatalog; path = Assets.xcassets; sourceTree = "<group>"; };
		9B37923B1F1543F7005163C0 /* Base */ = {isa = PBXFileReference; lastKnownFileType = file.storyboard; name = Base; path = Base.lproj/LaunchScreen.storyboard; sourceTree = "<group>"; };
		9B37923D1F1543F7005163C0 /* Info.plist */ = {isa = PBXFileReference; lastKnownFileType = text.plist.xml; path = Info.plist; sourceTree = "<group>"; };
		9B3792431F154448005163C0 /* VideoPlayer.swift */ = {isa = PBXFileReference; fileEncoding = 4; lastKnownFileType = sourcecode.swift; path = VideoPlayer.swift; sourceTree = "<group>"; };
/* End PBXFileReference section */

/* Begin PBXFrameworksBuildPhase section */
		9B37922B1F1543F6005163C0 /* Frameworks */ = {
			isa = PBXFrameworksBuildPhase;
			buildActionMask = 2147483647;
			files = (
			);
			runOnlyForDeploymentPostprocessing = 0;
		};
/* End PBXFrameworksBuildPhase section */

/* Begin PBXGroup section */
		9B3792251F1543F6005163C0 = {
			isa = PBXGroup;
			children = (
				9B3792301F1543F7005163C0 /* VideoPlayerExample */,
				9B37922F1F1543F7005163C0 /* Products */,
			);
			sourceTree = "<group>";
		};
		9B37922F1F1543F7005163C0 /* Products */ = {
			isa = PBXGroup;
			children = (
				9B37922E1F1543F7005163C0 /* VideoPlayerExample.app */,
			);
			name = Products;
			sourceTree = "<group>";
		};
		9B3792301F1543F7005163C0 /* VideoPlayerExample */ = {
			isa = PBXGroup;
			children = (
				9B3792311F1543F7005163C0 /* AppDelegate.swift */,
				9B3792331F1543F7005163C0 /* ViewController.swift */,
				9B3792431F154448005163C0 /* VideoPlayer.swift */,
				9B3792351F1543F7005163C0 /* Main.storyboard */,
				9B3792381F1543F7005163C0 /* Assets.xcassets */,
				9B37923A1F1543F7005163C0 /* LaunchScreen.storyboard */,
				9B37923D1F1543F7005163C0 /* Info.plist */,
			);
			path = VideoPlayerExample;
			sourceTree = "<group>";
		};
/* End PBXGroup section */

/* Begin PBXNativeTarget section */
		9B37922D1F1543F6005163C0 /* VideoPlayerExample */ = {
			isa = PBXNativeTarget;
			buildConfigurationList = 9B3792401F1543F7005163C0 /* Build configuration list for PBXNativeTarget "VideoPlayerExample" */;
			buildPhases = (
				9B37922A1F1543F6005163C0 /* Sources */,
				9B37922B1F1543F6005163C0 /* Frameworks */,
				9B37922C1F1543F6005163C0 /* Resources */,
			);
			buildRules = (
			);
			dependencies = (
			);
			name = VideoPlayerExample;
			productName = VideoPlayerExample;
			productReference = 9B37922E1F1543F7005163C0 /* VideoPlayerExample.app */;
			productType = "com.apple.product-type.application";
		};
/* End PBXNativeTarget section */

/* Begin PBXProject section */
		9B3792261F1543F6005163C0 /* Project object */ = {
			isa = PBXProject;
			attributes = {
				LastSwiftUpdateCheck = 0820;
				LastUpgradeCheck = 0820;
				ORGANIZATIONNAME = eleves;
				TargetAttributes = {
					9B37922D1F1543F6005163C0 = {
						CreatedOnToolsVersion = 8.2;
						ProvisioningStyle = Automatic;
					};
				};
			};
			buildConfigurationList = 9B3792291F1543F6005163C0 /* Build configuration list for PBXProject "VideoPlayerExample" */;
			compatibilityVersion = "Xcode 3.2";
			developmentRegion = English;
			hasScannedForEncodings = 0;
			knownRegions = (
				en,
				Base,
			);
			mainGroup = 9B3792251F1543F6005163C0;
			productRefGroup = 9B37922F1F1543F7005163C0 /* Products */;
			projectDirPath = "";
			projectRoot = "";
			targets = (
				9B37922D1F1543F6005163C0 /* VideoPlayerExample */,
			);
		};
/* End PBXProject section */

/* Begin PBXResourcesBuildPhase section */
		9B37922C1F1543F6005163C0 /* Resources */ = {
			isa = PBXResourcesBuildPhase;
			buildActionMask = 2147483647;
			files = (
				9B37923C1F1543F7005163C0 /* LaunchScreen.storyboard in Resources */,
				9B3792391F1543F7005163C0 /* Assets.xcassets in Resources */,
				9B3792371F1543F7005163C0 /* Main.storyboard in Resources */,
			);
			runOnlyForDeploymentPostprocessing = 0;
		};
/* End PBXResourcesBuildPhase section */

/* Begin PBXSourcesBuildPhase section */
		9B37922A1F1543F6005163C0 /* Sources */ = {
			isa = PBXSourcesBuildPhase;
			buildActionMask = 2147483647;
			files = (
				9B3792341F1543F7005163C0 /* ViewController.swift in Sources */,
				9B3792321F1543F7005163C0 /* AppDelegate.swift in Sources */,
				9B3792441F154448005163C0 /* VideoPlayer.swift in Sources */,
			);
			runOnlyForDeploymentPostprocessing = 0;
		};
/* End PBXSourcesBuildPhase section */

/* Begin PBXVariantGroup section */
		9B3792351F1543F7005163C0 /* Main.storyboard */ = {
			isa = PBXVariantGroup;
			children = (
				9B3792361F1543F7005163C0 /* Base */,
			);
			name = Main.storyboard;
			sourceTree = "<group>";
		};
		9B37923A1F1543F7005163C0 /* LaunchScreen.storyboard */ = {
			isa = PBXVariantGroup;
			children = (
				9B37923B1F1543F7005163C0 /* Base */,
			);
			name = LaunchScreen.storyboard;
			sourceTree = "<group>";
		};
/* End PBXVariantGroup section */

/* Begin XCBuildConfiguration section */
		9B37923E1F1543F7005163C0 /* Debug */ = {
			isa = XCBuildConfiguration;
			buildSettings = {
				ALWAYS_SEARCH_USER_PATHS = NO;
				CLANG_ANALYZER_NONNULL = YES;
				CLANG_CXX_LANGUAGE_STANDARD = "gnu++0x";
				CLANG_CXX_LIBRARY = "libc++";
				CLANG_ENABLE_MODULES = YES;
				CLANG_ENABLE_OBJC_ARC = YES;
				CLANG_WARN_BOOL_CONVERSION = YES;
				CLANG_WARN_CONSTANT_CONVERSION = YES;
				CLANG_WARN_DIRECT_OBJC_ISA_USAGE = YES_ERROR;
				CLANG_WARN_DOCUMENTATION_COMMENTS = YES;
				CLANG_WARN_EMPTY_BODY = YES;
				CLANG_WARN_ENUM_CONVERSION = YES;
				CLANG_WARN_INFINITE_RECURSION = YES;
				CLANG_WARN_INT_CONVERSION = YES;
				CLANG_WARN_OBJC_ROOT_CLASS = YES_ERROR;
				CLANG_WARN_SUSPICIOUS_MOVE = YES;
				CLANG_WARN_UNREACHABLE_CODE = YES;
				CLANG_WARN__DUPLICATE_METHOD_MATCH = YES;
				"CODE_SIGN_IDENTITY[sdk=iphoneos*]" = "iPhone Developer";
				COPY_PHASE_STRIP = NO;
				DEBUG_INFORMATION_FORMAT = dwarf;
				ENABLE_STRICT_OBJC_MSGSEND = YES;
				ENABLE_TESTABILITY = YES;
				GCC_C_LANGUAGE_STANDARD = gnu99;
				GCC_DYNAMIC_NO_PIC = NO;
				GCC_NO_COMMON_BLOCKS = YES;
				GCC_OPTIMIZATION_LEVEL = 0;
				GCC_PREPROCESSOR_DEFINITIONS = (
					"DEBUG=1",
					"$(inherited)",
				);
				GCC_WARN_64_TO_32_BIT_CONVERSION = YES;
				GCC_WARN_ABOUT_RETURN_TYPE = YES_ERROR;
				GCC_WARN_UNDECLARED_SELECTOR = YES;
				GCC_WARN_UNINITIALIZED_AUTOS = YES_AGGRESSIVE;
				GCC_WARN_UNUSED_FUNCTION = YES;
				GCC_WARN_UNUSED_VARIABLE = YES;
				IPHONEOS_DEPLOYMENT_TARGET = 10.2;
				MTL_ENABLE_DEBUG_INFO = YES;
				ONLY_ACTIVE_ARCH = YES;
				SDKROOT = iphoneos;
				SWIFT_ACTIVE_COMPILATION_CONDITIONS = DEBUG;
				SWIFT_OPTIMIZATION_LEVEL = "-Onone";
				TARGETED_DEVICE_FAMILY = "1,2";
			};
			name = Debug;
		};
		9B37923F1F1543F7005163C0 /* Release */ = {
			isa = XCBuildConfiguration;
			buildSettings = {
				ALWAYS_SEARCH_USER_PATHS = NO;
				CLANG_ANALYZER_NONNULL = YES;
				CLANG_CXX_LANGUAGE_STANDARD = "gnu++0x";
				CLANG_CXX_LIBRARY = "libc++";
				CLANG_ENABLE_MODULES = YES;
				CLANG_ENABLE_OBJC_ARC = YES;
				CLANG_WARN_BOOL_CONVERSION = YES;
				CLANG_WARN_CONSTANT_CONVERSION = YES;
				CLANG_WARN_DIRECT_OBJC_ISA_USAGE = YES_ERROR;
				CLANG_WARN_DOCUMENTATION_COMMENTS = YES;
				CLANG_WARN_EMPTY_BODY = YES;
				CLANG_WARN_ENUM_CONVERSION = YES;
				CLANG_WARN_INFINITE_RECURSION = YES;
				CLANG_WARN_INT_CONVERSION = YES;
				CLANG_WARN_OBJC_ROOT_CLASS = YES_ERROR;
				CLANG_WARN_SUSPICIOUS_MOVE = YES;
				CLANG_WARN_UNREACHABLE_CODE = YES;
				CLANG_WARN__DUPLICATE_METHOD_MATCH = YES;
				"CODE_SIGN_IDENTITY[sdk=iphoneos*]" = "iPhone Developer";
				COPY_PHASE_STRIP = NO;
				DEBUG_INFORMATION_FORMAT = "dwarf-with-dsym";
				ENABLE_NS_ASSERTIONS = NO;
				ENABLE_STRICT_OBJC_MSGSEND = YES;
				GCC_C_LANGUAGE_STANDARD = gnu99;
				GCC_NO_COMMON_BLOCKS = YES;
				GCC_WARN_64_TO_32_BIT_CONVERSION = YES;
				GCC_WARN_ABOUT_RETURN_TYPE = YES_ERROR;
				GCC_WARN_UNDECLARED_SELECTOR = YES;
				GCC_WARN_UNINITIALIZED_AUTOS = YES_AGGRESSIVE;
				GCC_WARN_UNUSED_FUNCTION = YES;
				GCC_WARN_UNUSED_VARIABLE = YES;
				IPHONEOS_DEPLOYMENT_TARGET = 10.2;
				MTL_ENABLE_DEBUG_INFO = NO;
				SDKROOT = iphoneos;
				SWIFT_OPTIMIZATION_LEVEL = "-Owholemodule";
				TARGETED_DEVICE_FAMILY = "1,2";
				VALIDATE_PRODUCT = YES;
			};
			name = Release;
		};
		9B3792411F1543F7005163C0 /* Debug */ = {
			isa = XCBuildConfiguration;
			buildSettings = {
				ASSETCATALOG_COMPILER_APPICON_NAME = AppIcon;
				INFOPLIST_FILE = VideoPlayerExample/Info.plist;
				LD_RUNPATH_SEARCH_PATHS = "$(inherited) @executable_path/Frameworks";
				PRODUCT_BUNDLE_IDENTIFIER = com.mariogeneau.VideoPlayerExample;
				PRODUCT_NAME = "$(TARGET_NAME)";
				SWIFT_VERSION = 3.0;
			};
			name = Debug;
		};
		9B3792421F1543F7005163C0 /* Release */ = {
			isa = XCBuildConfiguration;
			buildSettings = {
				ASSETCATALOG_COMPILER_APPICON_NAME = AppIcon;
				INFOPLIST_FILE = VideoPlayerExample/Info.plist;
				LD_RUNPATH_SEARCH_PATHS = "$(inherited) @executable_path/Frameworks";
				PRODUCT_BUNDLE_IDENTIFIER = com.mariogeneau.VideoPlayerExample;
				PRODUCT_NAME = "$(TARGET_NAME)";
				SWIFT_VERSION = 3.0;
			};
			name = Release;
		};
/* End XCBuildConfiguration section */

/* Begin XCConfigurationList section */
		9B3792291F1543F6005163C0 /* Build configuration list for PBXProject "VideoPlayerExample" */ = {
			isa = XCConfigurationList;
			buildConfigurations = (
				9B37923E1F1543F7005163C0 /* Debug */,
				9B37923F1F1543F7005163C0 /* Release */,
			);
			defaultConfigurationIsVisible = 0;
			defaultConfigurationName = Release;
		};
		9B3792401F1543F7005163C0 /* Build configuration list for PBXNativeTarget "VideoPlayerExample" */ = {
			isa = XCConfigurationList;
			buildConfigurations = (
				9B3792411F1543F7005163C0 /* Debug */,
				9B3792421F1543F7005163C0 /* Release */,
			);
			defaultConfigurationIsVisible = 0;
		};
/* End XCConfigurationList section */
	};
	rootObject = 9B3792261F1543F6005163C0 /* Project object */;
}
